<?xml version="1.0" encoding="utf-8"?>
<Project ToolsVersion="4.0" xmlns="http://schemas.microsoft.com/developer/msbuild/2003">
  <ItemGroup>
    <Filter Include="Quelldateien">
      <UniqueIdentifier>{4FC737F1-C7A5-4376-A066-2A32D752A2FF}</UniqueIdentifier>
      <Extensions>cpp;c;cc;cxx;def;odl;idl;hpj;bat;asm;asmx</Extensions>
    </Filter>
    <Filter Include="Headerdateien">
      <UniqueIdentifier>{93995380-89BD-4b04-88EB-625FBE52EBFB}</UniqueIdentifier>
      <Extensions>h;hpp;hxx;hm;inl;inc;xsd</Extensions>
    </Filter>
    <Filter Include="Ressourcendateien">
      <UniqueIdentifier>{67DA6AB6-F800-4c08-8B7A-83BB121AAD01}</UniqueIdentifier>
      <Extensions>rc;ico;cur;bmp;dlg;rc2;rct;bin;rgs;gif;jpg;jpeg;jpe;resx;tiff;tif;png;wav;mfcribbon-ms</Extensions>
    </Filter>
    <Filter Include="Visual">
      <UniqueIdentifier>{e0b299f4-33d2-4995-a787-e0f0f761e839}</UniqueIdentifier>
    </Filter>
    <Filter Include="Visual\Header">
      <UniqueIdentifier>{0062fad3-c5c4-42be-ab12-4377a02cd4cf}</UniqueIdentifier>
    </Filter>
    <Filter Include="Visual\Quelldateien">
      <UniqueIdentifier>{4a9d65eb-0e99-4995-9367-d28e8cfb8fe8}</UniqueIdentifier>
    </Filter>
    <Filter Include="Visual\Levels">
      <UniqueIdentifier>{3f616aeb-b604-4215-938f-59ef45e5cfee}</UniqueIdentifier>
    </Filter>
    <Filter Include="Visual\Levels\L_1">
      <UniqueIdentifier>{ad3c7e52-d294-4c81-b1c4-4a2cd21127bc}</UniqueIdentifier>
    </Filter>
    <Filter Include="Visual\Levels\L_1\MapParts">
      <UniqueIdentifier>{6bd3c5e8-1506-43f8-9a17-0c3cd687e2cf}</UniqueIdentifier>
    </Filter>
    <Filter Include="Visual\Levels\L_2">
      <UniqueIdentifier>{48f0fdda-9f2f-40f7-9baf-8f6073731fa1}</UniqueIdentifier>
    </Filter>
    <Filter Include="GameObjects">
      <UniqueIdentifier>{e6464a8b-0aaa-4abf-b982-3769ea01aba7}</UniqueIdentifier>
    </Filter>
    <Filter Include="GameObjects\Header">
      <UniqueIdentifier>{0421d15a-3244-43bf-a371-ab2599986157}</UniqueIdentifier>
    </Filter>
    <Filter Include="GameObjects\QuellDateien">
      <UniqueIdentifier>{043da0be-7a32-4439-a8d7-8393144f903b}</UniqueIdentifier>
    </Filter>
    <Filter Include="Visual\GameObjectVisuals">
      <UniqueIdentifier>{79438d33-f43b-4418-ba06-51c2025c03e1}</UniqueIdentifier>
    </Filter>
  </ItemGroup>
  <ItemGroup>
    <ClInclude Include="Game.h">
      <Filter>Headerdateien</Filter>
    </ClInclude>
    <ClInclude Include="resource.h">
      <Filter>Headerdateien</Filter>
    </ClInclude>
    <ClInclude Include="stdafx.h">
      <Filter>Headerdateien</Filter>
    </ClInclude>
    <ClInclude Include="targetver.h">
      <Filter>Headerdateien</Filter>
    </ClInclude>
    <ClInclude Include="TangentSpaceHelper.h">
      <Filter>Visual\Header</Filter>
    </ClInclude>
    <ClInclude Include="MapPart.h">
      <Filter>Visual\Header</Filter>
    </ClInclude>
    <ClInclude Include="Scene.h">
      <Filter>Visual\Header</Filter>
    </ClInclude>
    <ClInclude Include="Level1Part1.h">
      <Filter>Visual\Levels\L_1\MapParts</Filter>
    </ClInclude>
    <ClInclude Include="Level.h">
      <Filter>Visual\Levels</Filter>
    </ClInclude>
    <ClInclude Include="Level1.h">
      <Filter>Visual\Levels\L_1</Filter>
    </ClInclude>
    <ClInclude Include="LevelLoader.h">
      <Filter>Visual\Header</Filter>
    </ClInclude>
    <ClInclude Include="Level1Part2.h">
      <Filter>Visual\Levels\L_1\MapParts</Filter>
    </ClInclude>
    <ClInclude Include="Level1Part3.h">
      <Filter>Visual\Levels\L_1\MapParts</Filter>
    </ClInclude>
    <ClInclude Include="MapPartManager.h">
      <Filter>Visual\Header</Filter>
    </ClInclude>
    <ClInclude Include="Player.h">
      <Filter>GameObjects\Header</Filter>
    </ClInclude>
    <ClInclude Include="GameObject.h">
      <Filter>GameObjects\Header</Filter>
    </ClInclude>
    <ClInclude Include="Camera.h">
      <Filter>Visual\Header</Filter>
    </ClInclude>
    <ClInclude Include="PlayerVisual.h">
      <Filter>Visual\GameObjectVisuals</Filter>
    </ClInclude>
    <ClInclude Include="level\level1\StoneHenge.h">
      <Filter>Headerdateien</Filter>
    </ClInclude>
  </ItemGroup>
  <ItemGroup>
    <ClCompile Include="Game.cpp">
      <Filter>Quelldateien</Filter>
    </ClCompile>
    <ClCompile Include="stdafx.cpp">
      <Filter>Quelldateien</Filter>
    </ClCompile>
    <ClCompile Include="VektoriaApp.cpp">
      <Filter>Quelldateien</Filter>
    </ClCompile>
    <ClCompile Include="TangentSpaceHelper.cpp">
      <Filter>Visual\Quelldateien</Filter>
    </ClCompile>
    <ClCompile Include="MapPart.cpp">
      <Filter>Visual\Quelldateien</Filter>
    </ClCompile>
    <ClCompile Include="Scene.cpp">
      <Filter>Visual\Quelldateien</Filter>
    </ClCompile>
    <ClCompile Include="Level1Part1.cpp">
      <Filter>Visual\Levels\L_1\MapParts</Filter>
    </ClCompile>
    <ClCompile Include="Level.cpp">
      <Filter>Visual\Levels</Filter>
    </ClCompile>
    <ClCompile Include="Level1.cpp">
      <Filter>Visual\Levels\L_1</Filter>
    </ClCompile>
    <ClCompile Include="LevelLoader.cpp">
      <Filter>Visual\Quelldateien</Filter>
    </ClCompile>
    <ClCompile Include="Level1Part2.cpp">
      <Filter>Visual\Levels\L_1\MapParts</Filter>
    </ClCompile>
    <ClCompile Include="Level1Part3.cpp">
      <Filter>Visual\Levels\L_1\MapParts</Filter>
    </ClCompile>
    <ClCompile Include="MapPartManager.cpp">
      <Filter>Visual\Quelldateien</Filter>
    </ClCompile>
    <ClCompile Include="Player.cpp">
      <Filter>GameObjects\QuellDateien</Filter>
    </ClCompile>
    <ClCompile Include="GameObject.cpp">
      <Filter>GameObjects\QuellDateien</Filter>
    </ClCompile>
    <ClCompile Include="Camera.cpp">
      <Filter>Visual\Quelldateien</Filter>
    </ClCompile>
    <ClCompile Include="PlayerVisual.cpp">
      <Filter>Visual\GameObjectVisuals</Filter>
    </ClCompile>
    <ClCompile Include="level\level1\StoneHenge.cpp">
      <Filter>Quelldateien</Filter>
    </ClCompile>
  </ItemGroup>
  <ItemGroup>
    <None Include="shaders.hlsl">
      <Filter>Ressourcendateien</Filter>
    </None>
    <None Include="shadowmap.hlsl">
      <Filter>Ressourcendateien</Filter>
    </None>
    <None Include="res\VektoriaTest.ico">
      <Filter>Ressourcendateien</Filter>
    </None>
  </ItemGroup>
  <ItemGroup>
    <ResourceCompile Include="VektoriaApp.rc">
      <Filter>Ressourcendateien</Filter>
    </ResourceCompile>
  </ItemGroup>
</Project>